// !$*UTF8*$!
{
	archiveVersion = 1;
	classes = {
	};
	objectVersion = 46;
	objects = {

/* Begin PBXBuildFile section */
		8678F1AC1BE1DC54006046CF /* HexColors.m in Sources */ = {isa = PBXBuildFile; fileRef = 8678F1AB1BE1DC54006046CF /* HexColors.m */; };
		8678F1B01BE1DE21006046CF /* SettingView.xib in Resources */ = {isa = PBXBuildFile; fileRef = 8678F1AD1BE1DE21006046CF /* SettingView.xib */; };
		8678F1B11BE1DE21006046CF /* SettingView.m in Sources */ = {isa = PBXBuildFile; fileRef = 8678F1AF1BE1DE21006046CF /* SettingView.m */; };
		8678F1BE1BE1DE65006046CF /* AddSection.xib in Resources */ = {isa = PBXBuildFile; fileRef = 8678F1B21BE1DE65006046CF /* AddSection.xib */; };
		8678F1BF1BE1DE65006046CF /* AddSection.m in Sources */ = {isa = PBXBuildFile; fileRef = 8678F1B41BE1DE65006046CF /* AddSection.m */; };
		8678F1C01BE1DE65006046CF /* AddSectionCell.xib in Resources */ = {isa = PBXBuildFile; fileRef = 8678F1B51BE1DE65006046CF /* AddSectionCell.xib */; };
		8678F1C11BE1DE65006046CF /* AddSectionCell.m in Sources */ = {isa = PBXBuildFile; fileRef = 8678F1B71BE1DE65006046CF /* AddSectionCell.m */; };
		8678F1C21BE1DE65006046CF /* SectionBodyDetails.m in Sources */ = {isa = PBXBuildFile; fileRef = 8678F1B91BE1DE65006046CF /* SectionBodyDetails.m */; };
		8678F1C31BE1DE65006046CF /* SectionBodyDetails.xib in Resources */ = {isa = PBXBuildFile; fileRef = 8678F1BA1BE1DE65006046CF /* SectionBodyDetails.xib */; };
		8678F1C41BE1DE65006046CF /* DetailsSection.m in Sources */ = {isa = PBXBuildFile; fileRef = 8678F1BC1BE1DE65006046CF /* DetailsSection.m */; };
		8678F1C51BE1DE65006046CF /* DetailsSection.xib in Resources */ = {isa = PBXBuildFile; fileRef = 8678F1BD1BE1DE65006046CF /* DetailsSection.xib */; };
		DA4461E61BD771F600F80F5A /* OpenSans-Semibold.ttf in Resources */ = {isa = PBXBuildFile; fileRef = DAEC027B1BD514340095C6AE /* OpenSans-Semibold.ttf */; };
		DA4461E71BD7720300F80F5A /* OpenSans-Semibold.ttf in Sources */ = {isa = PBXBuildFile; fileRef = DAEC027B1BD514340095C6AE /* OpenSans-Semibold.ttf */; };
		DA6C7B881BE0860900D1130A /* AttachmentView.xib in Resources */ = {isa = PBXBuildFile; fileRef = DA6C7B871BE0860900D1130A /* AttachmentView.xib */; };
		DA6C7B8B1BE0861700D1130A /* AttachmentView.m in Sources */ = {isa = PBXBuildFile; fileRef = DA6C7B8A1BE0861700D1130A /* AttachmentView.m */; };
		DA6C7B8E1BE09F9500D1130A /* SittingCollectionViewCell.m in Sources */ = {isa = PBXBuildFile; fileRef = DA6C7B8D1BE09F9500D1130A /* SittingCollectionViewCell.m */; };
		DA6C7B911BE0A11800D1130A /* CollectionViewTableViewCell.m in Sources */ = {isa = PBXBuildFile; fileRef = DA6C7B901BE0A11800D1130A /* CollectionViewTableViewCell.m */; };
		DA6D1A631BDA356F00D91ED3 /* PlaceholderTextView.m in Sources */ = {isa = PBXBuildFile; fileRef = DA6D1A621BDA356F00D91ED3 /* PlaceholderTextView.m */; };
		DAE9555A1BD24A7500EDFD8F /* PatientSheetViewController.m in Sources */ = {isa = PBXBuildFile; fileRef = DAE955591BD24A7500EDFD8F /* PatientSheetViewController.m */; };
		DAE9555D1BD24D1800EDFD8F /* PatientSheetTableViewCell.m in Sources */ = {isa = PBXBuildFile; fileRef = DAE9555C1BD24D1800EDFD8F /* PatientSheetTableViewCell.m */; };
		DAEC02711BD513500095C6AE /* customFont.m in Sources */ = {isa = PBXBuildFile; fileRef = DAEC02701BD513500095C6AE /* customFont.m */; };
		DAEC027E1BD51D0C0095C6AE /* OpenSans-Bold.ttf in Sources */ = {isa = PBXBuildFile; fileRef = DAEC02731BD514180095C6AE /* OpenSans-Bold.ttf */; };
		DAEC027F1BD5219A0095C6AE /* OpenSans-Bold.ttf in Resources */ = {isa = PBXBuildFile; fileRef = DAEC02731BD514180095C6AE /* OpenSans-Bold.ttf */; };
		DAEF6AEE1BD5FA37006868C8 /* OpenSans-Regular.ttf in Sources */ = {isa = PBXBuildFile; fileRef = DAEC027A1BD514340095C6AE /* OpenSans-Regular.ttf */; };
		DAEF6AEF1BD5FA52006868C8 /* OpenSans-Regular.ttf in Resources */ = {isa = PBXBuildFile; fileRef = DAEC027A1BD514340095C6AE /* OpenSans-Regular.ttf */; };
		DAEF6AF31BD65C61006868C8 /* DatePicker.m in Sources */ = {isa = PBXBuildFile; fileRef = DAEF6AF21BD65C61006868C8 /* DatePicker.m */; };
		DAEF6AF51BD65C9B006868C8 /* DatePickerView.xib in Resources */ = {isa = PBXBuildFile; fileRef = DAEF6AF41BD65C9B006868C8 /* DatePickerView.xib */; };
		DAEFA1941BD0B11500900379 /* main.m in Sources */ = {isa = PBXBuildFile; fileRef = DAEFA1931BD0B11500900379 /* main.m */; };
		DAEFA1971BD0B11500900379 /* AppDelegate.m in Sources */ = {isa = PBXBuildFile; fileRef = DAEFA1961BD0B11500900379 /* AppDelegate.m */; };
		DAEFA19D1BD0B11500900379 /* Main.storyboard in Resources */ = {isa = PBXBuildFile; fileRef = DAEFA19B1BD0B11500900379 /* Main.storyboard */; };
		DAEFA19F1BD0B11500900379 /* Images.xcassets in Resources */ = {isa = PBXBuildFile; fileRef = DAEFA19E1BD0B11500900379 /* Images.xcassets */; };
		DAEFA1A21BD0B11500900379 /* LaunchScreen.xib in Resources */ = {isa = PBXBuildFile; fileRef = DAEFA1A01BD0B11500900379 /* LaunchScreen.xib */; };
		DAEFA1AE1BD0B11500900379 /* GarciaTests.m in Sources */ = {isa = PBXBuildFile; fileRef = DAEFA1AD1BD0B11500900379 /* GarciaTests.m */; };
		DAEFA1B91BD0B49A00900379 /* LoginViewController.m in Sources */ = {isa = PBXBuildFile; fileRef = DAEFA1B81BD0B49A00900379 /* LoginViewController.m */; };
		DAEFA1BC1BD0B4BA00900379 /* SearchPatientViewController.m in Sources */ = {isa = PBXBuildFile; fileRef = DAEFA1BB1BD0B4BA00900379 /* SearchPatientViewController.m */; };
		DAEFA1BF1BD0B4EB00900379 /* PatientViewController.m in Sources */ = {isa = PBXBuildFile; fileRef = DAEFA1BE1BD0B4EB00900379 /* PatientViewController.m */; };
		DAEFA1C21BD0B4FA00900379 /* AddPatientViewController.m in Sources */ = {isa = PBXBuildFile; fileRef = DAEFA1C11BD0B4FA00900379 /* AddPatientViewController.m */; };
		DAEFA1C51BD0B50800900379 /* EditPatientViewController.m in Sources */ = {isa = PBXBuildFile; fileRef = DAEFA1C41BD0B50800900379 /* EditPatientViewController.m */; };
		DAEFA1C81BD0B6C900900379 /* Constant.m in Sources */ = {isa = PBXBuildFile; fileRef = DAEFA1C71BD0B6C900900379 /* Constant.m */; };
		DAEFA1CB1BD0B6D600900379 /* Postman.m in Sources */ = {isa = PBXBuildFile; fileRef = DAEFA1CA1BD0B6D600900379 /* Postman.m */; };
		DAEFA1CE1BD0B6E300900379 /* DefaultValues.m in Sources */ = {isa = PBXBuildFile; fileRef = DAEFA1CD1BD0B6E300900379 /* DefaultValues.m */; };
		DAEFA1D91BD0D8ED00900379 /* SearchPatientTableViewCell.m in Sources */ = {isa = PBXBuildFile; fileRef = DAEFA1D81BD0D8ED00900379 /* SearchPatientTableViewCell.m */; };
		DAF82CE01BD4BA74006AF1E1 /* ContainerViewController.m in Sources */ = {isa = PBXBuildFile; fileRef = DAF82CDF1BD4BA74006AF1E1 /* ContainerViewController.m */; };
		DAF82CF11BD4CECB006AF1E1 /* SectionDetail.m in Sources */ = {isa = PBXBuildFile; fileRef = DAF82CF01BD4CECB006AF1E1 /* SectionDetail.m */; };
		DAF82CF41BD4CEE6006AF1E1 /* SectionDetailCell.m in Sources */ = {isa = PBXBuildFile; fileRef = DAF82CF31BD4CEE6006AF1E1 /* SectionDetailCell.m */; };
		DAF82CF61BD4CF01006AF1E1 /* SectionDetailCell.xib in Resources */ = {isa = PBXBuildFile; fileRef = DAF82CF51BD4CF01006AF1E1 /* SectionDetailCell.xib */; };
		DAF82CF81BD4CF0D006AF1E1 /* SectionDetail.xib in Resources */ = {isa = PBXBuildFile; fileRef = DAF82CF71BD4CF0D006AF1E1 /* SectionDetail.xib */; };
/* End PBXBuildFile section */

/* Begin PBXContainerItemProxy section */
		DAEFA1A81BD0B11500900379 /* PBXContainerItemProxy */ = {
			isa = PBXContainerItemProxy;
			containerPortal = DAEFA1861BD0B11500900379 /* Project object */;
			proxyType = 1;
			remoteGlobalIDString = DAEFA18D1BD0B11500900379;
			remoteInfo = Garcia;
		};
/* End PBXContainerItemProxy section */

/* Begin PBXFileReference section */
		8678F1AA1BE1DC54006046CF /* HexColors.h */ = {isa = PBXFileReference; fileEncoding = 4; lastKnownFileType = sourcecode.c.h; path = HexColors.h; sourceTree = "<group>"; };
		8678F1AB1BE1DC54006046CF /* HexColors.m */ = {isa = PBXFileReference; fileEncoding = 4; lastKnownFileType = sourcecode.c.objc; path = HexColors.m; sourceTree = "<group>"; };
		8678F1AD1BE1DE21006046CF /* SettingView.xib */ = {isa = PBXFileReference; fileEncoding = 4; lastKnownFileType = file.xib; path = SettingView.xib; sourceTree = "<group>"; };
		8678F1AE1BE1DE21006046CF /* SettingView.h */ = {isa = PBXFileReference; fileEncoding = 4; lastKnownFileType = sourcecode.c.h; path = SettingView.h; sourceTree = "<group>"; };
		8678F1AF1BE1DE21006046CF /* SettingView.m */ = {isa = PBXFileReference; fileEncoding = 4; lastKnownFileType = sourcecode.c.objc; path = SettingView.m; sourceTree = "<group>"; };
		8678F1B21BE1DE65006046CF /* AddSection.xib */ = {isa = PBXFileReference; fileEncoding = 4; lastKnownFileType = file.xib; path = AddSection.xib; sourceTree = "<group>"; };
		8678F1B31BE1DE65006046CF /* AddSection.h */ = {isa = PBXFileReference; fileEncoding = 4; lastKnownFileType = sourcecode.c.h; path = AddSection.h; sourceTree = "<group>"; };
		8678F1B41BE1DE65006046CF /* AddSection.m */ = {isa = PBXFileReference; fileEncoding = 4; lastKnownFileType = sourcecode.c.objc; path = AddSection.m; sourceTree = "<group>"; };
		8678F1B51BE1DE65006046CF /* AddSectionCell.xib */ = {isa = PBXFileReference; fileEncoding = 4; lastKnownFileType = file.xib; path = AddSectionCell.xib; sourceTree = "<group>"; };
		8678F1B61BE1DE65006046CF /* AddSectionCell.h */ = {isa = PBXFileReference; fileEncoding = 4; lastKnownFileType = sourcecode.c.h; path = AddSectionCell.h; sourceTree = "<group>"; };
		8678F1B71BE1DE65006046CF /* AddSectionCell.m */ = {isa = PBXFileReference; fileEncoding = 4; lastKnownFileType = sourcecode.c.objc; path = AddSectionCell.m; sourceTree = "<group>"; };
		8678F1B81BE1DE65006046CF /* SectionBodyDetails.h */ = {isa = PBXFileReference; fileEncoding = 4; lastKnownFileType = sourcecode.c.h; path = SectionBodyDetails.h; sourceTree = "<group>"; };
		8678F1B91BE1DE65006046CF /* SectionBodyDetails.m */ = {isa = PBXFileReference; fileEncoding = 4; lastKnownFileType = sourcecode.c.objc; path = SectionBodyDetails.m; sourceTree = "<group>"; };
		8678F1BA1BE1DE65006046CF /* SectionBodyDetails.xib */ = {isa = PBXFileReference; fileEncoding = 4; lastKnownFileType = file.xib; path = SectionBodyDetails.xib; sourceTree = "<group>"; };
		8678F1BB1BE1DE65006046CF /* DetailsSection.h */ = {isa = PBXFileReference; fileEncoding = 4; lastKnownFileType = sourcecode.c.h; path = DetailsSection.h; sourceTree = "<group>"; };
		8678F1BC1BE1DE65006046CF /* DetailsSection.m */ = {isa = PBXFileReference; fileEncoding = 4; lastKnownFileType = sourcecode.c.objc; path = DetailsSection.m; sourceTree = "<group>"; };
		8678F1BD1BE1DE65006046CF /* DetailsSection.xib */ = {isa = PBXFileReference; fileEncoding = 4; lastKnownFileType = file.xib; path = DetailsSection.xib; sourceTree = "<group>"; };
		DA6C7B871BE0860900D1130A /* AttachmentView.xib */ = {isa = PBXFileReference; fileEncoding = 4; lastKnownFileType = file.xib; path = AttachmentView.xib; sourceTree = "<group>"; };
		DA6C7B891BE0861700D1130A /* AttachmentView.h */ = {isa = PBXFileReference; fileEncoding = 4; lastKnownFileType = sourcecode.c.h; path = AttachmentView.h; sourceTree = "<group>"; };
		DA6C7B8A1BE0861700D1130A /* AttachmentView.m */ = {isa = PBXFileReference; fileEncoding = 4; lastKnownFileType = sourcecode.c.objc; path = AttachmentView.m; sourceTree = "<group>"; };
		DA6C7B8C1BE09F9500D1130A /* SittingCollectionViewCell.h */ = {isa = PBXFileReference; fileEncoding = 4; lastKnownFileType = sourcecode.c.h; path = SittingCollectionViewCell.h; sourceTree = "<group>"; };
		DA6C7B8D1BE09F9500D1130A /* SittingCollectionViewCell.m */ = {isa = PBXFileReference; fileEncoding = 4; lastKnownFileType = sourcecode.c.objc; path = SittingCollectionViewCell.m; sourceTree = "<group>"; };
		DA6C7B8F1BE0A11800D1130A /* CollectionViewTableViewCell.h */ = {isa = PBXFileReference; fileEncoding = 4; lastKnownFileType = sourcecode.c.h; path = CollectionViewTableViewCell.h; sourceTree = "<group>"; };
		DA6C7B901BE0A11800D1130A /* CollectionViewTableViewCell.m */ = {isa = PBXFileReference; fileEncoding = 4; lastKnownFileType = sourcecode.c.objc; path = CollectionViewTableViewCell.m; sourceTree = "<group>"; };
		DA6D1A611BDA356F00D91ED3 /* PlaceholderTextView.h */ = {isa = PBXFileReference; fileEncoding = 4; lastKnownFileType = sourcecode.c.h; path = PlaceholderTextView.h; sourceTree = "<group>"; };
		DA6D1A621BDA356F00D91ED3 /* PlaceholderTextView.m */ = {isa = PBXFileReference; fileEncoding = 4; lastKnownFileType = sourcecode.c.objc; path = PlaceholderTextView.m; sourceTree = "<group>"; };
		DAE955581BD24A7500EDFD8F /* PatientSheetViewController.h */ = {isa = PBXFileReference; fileEncoding = 4; lastKnownFileType = sourcecode.c.h; path = PatientSheetViewController.h; sourceTree = "<group>"; };
		DAE955591BD24A7500EDFD8F /* PatientSheetViewController.m */ = {isa = PBXFileReference; fileEncoding = 4; lastKnownFileType = sourcecode.c.objc; path = PatientSheetViewController.m; sourceTree = "<group>"; };
		DAE9555B1BD24D1800EDFD8F /* PatientSheetTableViewCell.h */ = {isa = PBXFileReference; fileEncoding = 4; lastKnownFileType = sourcecode.c.h; path = PatientSheetTableViewCell.h; sourceTree = "<group>"; };
		DAE9555C1BD24D1800EDFD8F /* PatientSheetTableViewCell.m */ = {isa = PBXFileReference; fileEncoding = 4; lastKnownFileType = sourcecode.c.objc; path = PatientSheetTableViewCell.m; sourceTree = "<group>"; };
		DAEC026F1BD513500095C6AE /* customFont.h */ = {isa = PBXFileReference; fileEncoding = 4; lastKnownFileType = sourcecode.c.h; path = customFont.h; sourceTree = "<group>"; };
		DAEC02701BD513500095C6AE /* customFont.m */ = {isa = PBXFileReference; fileEncoding = 4; lastKnownFileType = sourcecode.c.objc; path = customFont.m; sourceTree = "<group>"; };
		DAEC02731BD514180095C6AE /* OpenSans-Bold.ttf */ = {isa = PBXFileReference; lastKnownFileType = file; name = "OpenSans-Bold.ttf"; path = "Fonts/OpenSans-Bold.ttf"; sourceTree = SOURCE_ROOT; };
		DAEC02741BD5141E0095C6AE /* OpenSans-BoldItalic.ttf */ = {isa = PBXFileReference; lastKnownFileType = file; name = "OpenSans-BoldItalic.ttf"; path = "Fonts/OpenSans-BoldItalic.ttf"; sourceTree = SOURCE_ROOT; };
		DAEC02751BD514240095C6AE /* OpenSans-ExtraBold.ttf */ = {isa = PBXFileReference; lastKnownFileType = file; name = "OpenSans-ExtraBold.ttf"; path = "Fonts/OpenSans-ExtraBold.ttf"; sourceTree = SOURCE_ROOT; };
		DAEC02761BD5142B0095C6AE /* OpenSans-ExtraBoldItalic.ttf */ = {isa = PBXFileReference; lastKnownFileType = file; name = "OpenSans-ExtraBoldItalic.ttf"; path = "Fonts/OpenSans-ExtraBoldItalic.ttf"; sourceTree = SOURCE_ROOT; };
		DAEC02771BD514340095C6AE /* OpenSans-Italic.ttf */ = {isa = PBXFileReference; lastKnownFileType = file; name = "OpenSans-Italic.ttf"; path = "Fonts/OpenSans-Italic.ttf"; sourceTree = SOURCE_ROOT; };
		DAEC02781BD514340095C6AE /* OpenSans-Light.ttf */ = {isa = PBXFileReference; lastKnownFileType = file; name = "OpenSans-Light.ttf"; path = "Fonts/OpenSans-Light.ttf"; sourceTree = SOURCE_ROOT; };
		DAEC02791BD514340095C6AE /* OpenSans-LightItalic.ttf */ = {isa = PBXFileReference; lastKnownFileType = file; name = "OpenSans-LightItalic.ttf"; path = "Fonts/OpenSans-LightItalic.ttf"; sourceTree = SOURCE_ROOT; };
		DAEC027A1BD514340095C6AE /* OpenSans-Regular.ttf */ = {isa = PBXFileReference; lastKnownFileType = file; name = "OpenSans-Regular.ttf"; path = "Fonts/OpenSans-Regular.ttf"; sourceTree = SOURCE_ROOT; };
		DAEC027B1BD514340095C6AE /* OpenSans-Semibold.ttf */ = {isa = PBXFileReference; lastKnownFileType = file; name = "OpenSans-Semibold.ttf"; path = "Fonts/OpenSans-Semibold.ttf"; sourceTree = SOURCE_ROOT; };
		DAEC027C1BD514340095C6AE /* OpenSans-SemiboldItalic.ttf */ = {isa = PBXFileReference; lastKnownFileType = file; name = "OpenSans-SemiboldItalic.ttf"; path = "Fonts/OpenSans-SemiboldItalic.ttf"; sourceTree = SOURCE_ROOT; };
		DAEF6AF11BD65C61006868C8 /* DatePicker.h */ = {isa = PBXFileReference; fileEncoding = 4; lastKnownFileType = sourcecode.c.h; path = DatePicker.h; sourceTree = "<group>"; };
		DAEF6AF21BD65C61006868C8 /* DatePicker.m */ = {isa = PBXFileReference; fileEncoding = 4; lastKnownFileType = sourcecode.c.objc; path = DatePicker.m; sourceTree = "<group>"; };
		DAEF6AF41BD65C9B006868C8 /* DatePickerView.xib */ = {isa = PBXFileReference; fileEncoding = 4; lastKnownFileType = file.xib; path = DatePickerView.xib; sourceTree = "<group>"; };
		DAEFA18E1BD0B11500900379 /* Garcia.app */ = {isa = PBXFileReference; explicitFileType = wrapper.application; includeInIndex = 0; path = Garcia.app; sourceTree = BUILT_PRODUCTS_DIR; };
		DAEFA1921BD0B11500900379 /* Info.plist */ = {isa = PBXFileReference; lastKnownFileType = text.plist.xml; path = Info.plist; sourceTree = "<group>"; };
		DAEFA1931BD0B11500900379 /* main.m */ = {isa = PBXFileReference; lastKnownFileType = sourcecode.c.objc; path = main.m; sourceTree = "<group>"; };
		DAEFA1951BD0B11500900379 /* AppDelegate.h */ = {isa = PBXFileReference; lastKnownFileType = sourcecode.c.h; path = AppDelegate.h; sourceTree = "<group>"; };
		DAEFA1961BD0B11500900379 /* AppDelegate.m */ = {isa = PBXFileReference; lastKnownFileType = sourcecode.c.objc; path = AppDelegate.m; sourceTree = "<group>"; };
		DAEFA19C1BD0B11500900379 /* Base */ = {isa = PBXFileReference; lastKnownFileType = file.storyboard; name = Base; path = Base.lproj/Main.storyboard; sourceTree = "<group>"; };
		DAEFA19E1BD0B11500900379 /* Images.xcassets */ = {isa = PBXFileReference; lastKnownFileType = folder.assetcatalog; path = Images.xcassets; sourceTree = "<group>"; };
		DAEFA1A11BD0B11500900379 /* Base */ = {isa = PBXFileReference; lastKnownFileType = file.xib; name = Base; path = Base.lproj/LaunchScreen.xib; sourceTree = "<group>"; };
		DAEFA1A71BD0B11500900379 /* GarciaTests.xctest */ = {isa = PBXFileReference; explicitFileType = wrapper.cfbundle; includeInIndex = 0; path = GarciaTests.xctest; sourceTree = BUILT_PRODUCTS_DIR; };
		DAEFA1AC1BD0B11500900379 /* Info.plist */ = {isa = PBXFileReference; lastKnownFileType = text.plist.xml; path = Info.plist; sourceTree = "<group>"; };
		DAEFA1AD1BD0B11500900379 /* GarciaTests.m */ = {isa = PBXFileReference; lastKnownFileType = sourcecode.c.objc; path = GarciaTests.m; sourceTree = "<group>"; };
		DAEFA1B71BD0B49A00900379 /* LoginViewController.h */ = {isa = PBXFileReference; fileEncoding = 4; lastKnownFileType = sourcecode.c.h; path = LoginViewController.h; sourceTree = "<group>"; };
		DAEFA1B81BD0B49A00900379 /* LoginViewController.m */ = {isa = PBXFileReference; fileEncoding = 4; lastKnownFileType = sourcecode.c.objc; path = LoginViewController.m; sourceTree = "<group>"; };
		DAEFA1BA1BD0B4BA00900379 /* SearchPatientViewController.h */ = {isa = PBXFileReference; fileEncoding = 4; lastKnownFileType = sourcecode.c.h; path = SearchPatientViewController.h; sourceTree = "<group>"; };
		DAEFA1BB1BD0B4BA00900379 /* SearchPatientViewController.m */ = {isa = PBXFileReference; fileEncoding = 4; lastKnownFileType = sourcecode.c.objc; path = SearchPatientViewController.m; sourceTree = "<group>"; };
		DAEFA1BD1BD0B4EB00900379 /* PatientViewController.h */ = {isa = PBXFileReference; fileEncoding = 4; lastKnownFileType = sourcecode.c.h; path = PatientViewController.h; sourceTree = "<group>"; };
		DAEFA1BE1BD0B4EB00900379 /* PatientViewController.m */ = {isa = PBXFileReference; fileEncoding = 4; lastKnownFileType = sourcecode.c.objc; path = PatientViewController.m; sourceTree = "<group>"; };
		DAEFA1C01BD0B4FA00900379 /* AddPatientViewController.h */ = {isa = PBXFileReference; fileEncoding = 4; lastKnownFileType = sourcecode.c.h; path = AddPatientViewController.h; sourceTree = "<group>"; };
		DAEFA1C11BD0B4FA00900379 /* AddPatientViewController.m */ = {isa = PBXFileReference; fileEncoding = 4; lastKnownFileType = sourcecode.c.objc; path = AddPatientViewController.m; sourceTree = "<group>"; };
		DAEFA1C31BD0B50800900379 /* EditPatientViewController.h */ = {isa = PBXFileReference; fileEncoding = 4; lastKnownFileType = sourcecode.c.h; path = EditPatientViewController.h; sourceTree = "<group>"; };
		DAEFA1C41BD0B50800900379 /* EditPatientViewController.m */ = {isa = PBXFileReference; fileEncoding = 4; lastKnownFileType = sourcecode.c.objc; path = EditPatientViewController.m; sourceTree = "<group>"; };
		DAEFA1C61BD0B6C900900379 /* Constant.h */ = {isa = PBXFileReference; fileEncoding = 4; lastKnownFileType = sourcecode.c.h; path = Constant.h; sourceTree = "<group>"; };
		DAEFA1C71BD0B6C900900379 /* Constant.m */ = {isa = PBXFileReference; fileEncoding = 4; lastKnownFileType = sourcecode.c.objc; path = Constant.m; sourceTree = "<group>"; };
		DAEFA1C91BD0B6D600900379 /* Postman.h */ = {isa = PBXFileReference; fileEncoding = 4; lastKnownFileType = sourcecode.c.h; path = Postman.h; sourceTree = "<group>"; };
		DAEFA1CA1BD0B6D600900379 /* Postman.m */ = {isa = PBXFileReference; fileEncoding = 4; lastKnownFileType = sourcecode.c.objc; path = Postman.m; sourceTree = "<group>"; };
		DAEFA1CC1BD0B6E300900379 /* DefaultValues.h */ = {isa = PBXFileReference; fileEncoding = 4; lastKnownFileType = sourcecode.c.h; path = DefaultValues.h; sourceTree = "<group>"; };
		DAEFA1CD1BD0B6E300900379 /* DefaultValues.m */ = {isa = PBXFileReference; fileEncoding = 4; lastKnownFileType = sourcecode.c.objc; path = DefaultValues.m; sourceTree = "<group>"; };
		DAEFA1D71BD0D8ED00900379 /* SearchPatientTableViewCell.h */ = {isa = PBXFileReference; fileEncoding = 4; lastKnownFileType = sourcecode.c.h; path = SearchPatientTableViewCell.h; sourceTree = "<group>"; };
		DAEFA1D81BD0D8ED00900379 /* SearchPatientTableViewCell.m */ = {isa = PBXFileReference; fileEncoding = 4; lastKnownFileType = sourcecode.c.objc; path = SearchPatientTableViewCell.m; sourceTree = "<group>"; };
		DAF82CDE1BD4BA74006AF1E1 /* ContainerViewController.h */ = {isa = PBXFileReference; fileEncoding = 4; lastKnownFileType = sourcecode.c.h; path = ContainerViewController.h; sourceTree = "<group>"; };
		DAF82CDF1BD4BA74006AF1E1 /* ContainerViewController.m */ = {isa = PBXFileReference; fileEncoding = 4; lastKnownFileType = sourcecode.c.objc; path = ContainerViewController.m; sourceTree = "<group>"; };
		DAF82CEF1BD4CECB006AF1E1 /* SectionDetail.h */ = {isa = PBXFileReference; fileEncoding = 4; lastKnownFileType = sourcecode.c.h; path = SectionDetail.h; sourceTree = "<group>"; };
		DAF82CF01BD4CECB006AF1E1 /* SectionDetail.m */ = {isa = PBXFileReference; fileEncoding = 4; lastKnownFileType = sourcecode.c.objc; path = SectionDetail.m; sourceTree = "<group>"; };
		DAF82CF21BD4CEE6006AF1E1 /* SectionDetailCell.h */ = {isa = PBXFileReference; fileEncoding = 4; lastKnownFileType = sourcecode.c.h; path = SectionDetailCell.h; sourceTree = "<group>"; };
		DAF82CF31BD4CEE6006AF1E1 /* SectionDetailCell.m */ = {isa = PBXFileReference; fileEncoding = 4; lastKnownFileType = sourcecode.c.objc; path = SectionDetailCell.m; sourceTree = "<group>"; };
		DAF82CF51BD4CF01006AF1E1 /* SectionDetailCell.xib */ = {isa = PBXFileReference; fileEncoding = 4; lastKnownFileType = file.xib; path = SectionDetailCell.xib; sourceTree = "<group>"; };
		DAF82CF71BD4CF0D006AF1E1 /* SectionDetail.xib */ = {isa = PBXFileReference; fileEncoding = 4; lastKnownFileType = file.xib; path = SectionDetail.xib; sourceTree = "<group>"; };
/* End PBXFileReference section */

/* Begin PBXFrameworksBuildPhase section */
		DAEFA18B1BD0B11500900379 /* Frameworks */ = {
			isa = PBXFrameworksBuildPhase;
			buildActionMask = 2147483647;
			files = (
			);
			runOnlyForDeploymentPostprocessing = 0;
		};
		DAEFA1A41BD0B11500900379 /* Frameworks */ = {
			isa = PBXFrameworksBuildPhase;
			buildActionMask = 2147483647;
			files = (
			);
			runOnlyForDeploymentPostprocessing = 0;
		};
/* End PBXFrameworksBuildPhase section */

/* Begin PBXGroup section */
		DAE955571BD24A4900EDFD8F /* PtientSheet */ = {
			isa = PBXGroup;
			children = (
				DAE955581BD24A7500EDFD8F /* PatientSheetViewController.h */,
				DAE955591BD24A7500EDFD8F /* PatientSheetViewController.m */,
				DAE9555B1BD24D1800EDFD8F /* PatientSheetTableViewCell.h */,
				DAE9555C1BD24D1800EDFD8F /* PatientSheetTableViewCell.m */,
				DA6C7B8F1BE0A11800D1130A /* CollectionViewTableViewCell.h */,
				DA6C7B901BE0A11800D1130A /* CollectionViewTableViewCell.m */,
				DA6C7B8C1BE09F9500D1130A /* SittingCollectionViewCell.h */,
				DA6C7B8D1BE09F9500D1130A /* SittingCollectionViewCell.m */,
				DA6C7B871BE0860900D1130A /* AttachmentView.xib */,
				DA6C7B891BE0861700D1130A /* AttachmentView.h */,
				DA6C7B8A1BE0861700D1130A /* AttachmentView.m */,
			);
			name = PtientSheet;
			sourceTree = "<group>";
		};
		DAEC026E1BD5131F0095C6AE /* CustomFont */ = {
			isa = PBXGroup;
			children = (
				DAEC027D1BD5143B0095C6AE /* Font */,
				DAEC026F1BD513500095C6AE /* customFont.h */,
				DAEC02701BD513500095C6AE /* customFont.m */,
			);
			name = CustomFont;
			sourceTree = "<group>";
		};
		DAEC027D1BD5143B0095C6AE /* Font */ = {
			isa = PBXGroup;
			children = (
				DAEC02731BD514180095C6AE /* OpenSans-Bold.ttf */,
				DAEC02741BD5141E0095C6AE /* OpenSans-BoldItalic.ttf */,
				DAEC02751BD514240095C6AE /* OpenSans-ExtraBold.ttf */,
				DAEC02761BD5142B0095C6AE /* OpenSans-ExtraBoldItalic.ttf */,
				DAEC02771BD514340095C6AE /* OpenSans-Italic.ttf */,
				DAEC02781BD514340095C6AE /* OpenSans-Light.ttf */,
				DAEC02791BD514340095C6AE /* OpenSans-LightItalic.ttf */,
				DAEC027A1BD514340095C6AE /* OpenSans-Regular.ttf */,
				DAEC027B1BD514340095C6AE /* OpenSans-Semibold.ttf */,
				DAEC027C1BD514340095C6AE /* OpenSans-SemiboldItalic.ttf */,
			);
			name = Font;
			sourceTree = "<group>";
		};
		DAEF6AF01BD65C2C006868C8 /* DatePicker */ = {
			isa = PBXGroup;
			children = (
				DAEF6AF11BD65C61006868C8 /* DatePicker.h */,
				DAEF6AF21BD65C61006868C8 /* DatePicker.m */,
				DAEF6AF41BD65C9B006868C8 /* DatePickerView.xib */,
			);
			name = DatePicker;
			sourceTree = "<group>";
		};
		DAEFA1851BD0B11500900379 = {
			isa = PBXGroup;
			children = (
				DAEFA1901BD0B11500900379 /* Garcia */,
				DAEFA1AA1BD0B11500900379 /* GarciaTests */,
				DAEFA18F1BD0B11500900379 /* Products */,
			);
			sourceTree = "<group>";
		};
		DAEFA18F1BD0B11500900379 /* Products */ = {
			isa = PBXGroup;
			children = (
				DAEFA18E1BD0B11500900379 /* Garcia.app */,
				DAEFA1A71BD0B11500900379 /* GarciaTests.xctest */,
			);
			name = Products;
			sourceTree = "<group>";
		};
		DAEFA1901BD0B11500900379 /* Garcia */ = {
			isa = PBXGroup;
			children = (
				DAEFA1951BD0B11500900379 /* AppDelegate.h */,
				DAEFA1961BD0B11500900379 /* AppDelegate.m */,
				DAEFA1CF1BD0B6E700900379 /* Login */,
				DAEFA1D61BD0B79D00900379 /* Patient */,
				DAEFA1D31BD0B71D00900379 /* SearchPatient */,
				DAEFA1D51BD0B74A00900379 /* EditPatient */,
				DAEFA1D41BD0B72E00900379 /* AddPatient */,
				DAE955571BD24A4900EDFD8F /* PtientSheet */,
				DAF82CD91BD4A327006AF1E1 /* Setting */,
				DAF82CE11BD4C7E9006AF1E1 /* Section */,
				DAF82CEE1BD4CE92006AF1E1 /* singleSectionDetail */,
				DAEFA1D21BD0B70900900379 /* DammyData */,
				DAF82CDD1BD4BA4E006AF1E1 /* ContainerVC */,
				DAEFA1D01BD0B6F400900379 /* Constant */,
				DAEC026E1BD5131F0095C6AE /* CustomFont */,
				DAEFA1D11BD0B70000900379 /* Postman */,
				DAEF6AF01BD65C2C006868C8 /* DatePicker */,
				DAEFA19B1BD0B11500900379 /* Main.storyboard */,
				DAEFA19E1BD0B11500900379 /* Images.xcassets */,
				DAEFA1A01BD0B11500900379 /* LaunchScreen.xib */,
				DAEFA1911BD0B11500900379 /* Supporting Files */,
			);
			path = Garcia;
			sourceTree = "<group>";
		};
		DAEFA1911BD0B11500900379 /* Supporting Files */ = {
			isa = PBXGroup;
			children = (
				DAEFA1921BD0B11500900379 /* Info.plist */,
				DAEFA1931BD0B11500900379 /* main.m */,
			);
			name = "Supporting Files";
			sourceTree = "<group>";
		};
		DAEFA1AA1BD0B11500900379 /* GarciaTests */ = {
			isa = PBXGroup;
			children = (
				DAEFA1AD1BD0B11500900379 /* GarciaTests.m */,
				DAEFA1AB1BD0B11500900379 /* Supporting Files */,
			);
			path = GarciaTests;
			sourceTree = "<group>";
		};
		DAEFA1AB1BD0B11500900379 /* Supporting Files */ = {
			isa = PBXGroup;
			children = (
				DAEFA1AC1BD0B11500900379 /* Info.plist */,
			);
			name = "Supporting Files";
			sourceTree = "<group>";
		};
		DAEFA1CF1BD0B6E700900379 /* Login */ = {
			isa = PBXGroup;
			children = (
				DAEFA1B71BD0B49A00900379 /* LoginViewController.h */,
				DAEFA1B81BD0B49A00900379 /* LoginViewController.m */,
			);
			name = Login;
			sourceTree = "<group>";
		};
		DAEFA1D01BD0B6F400900379 /* Constant */ = {
			isa = PBXGroup;
			children = (
				8678F1AA1BE1DC54006046CF /* HexColors.h */,
				8678F1AB1BE1DC54006046CF /* HexColors.m */,
				DAEFA1C61BD0B6C900900379 /* Constant.h */,
				DAEFA1C71BD0B6C900900379 /* Constant.m */,
				DA6D1A611BDA356F00D91ED3 /* PlaceholderTextView.h */,
				DA6D1A621BDA356F00D91ED3 /* PlaceholderTextView.m */,
			);
			name = Constant;
			sourceTree = "<group>";
		};
		DAEFA1D11BD0B70000900379 /* Postman */ = {
			isa = PBXGroup;
			children = (
				DAEFA1C91BD0B6D600900379 /* Postman.h */,
				DAEFA1CA1BD0B6D600900379 /* Postman.m */,
			);
			name = Postman;
			sourceTree = "<group>";
		};
		DAEFA1D21BD0B70900900379 /* DammyData */ = {
			isa = PBXGroup;
			children = (
				DAEFA1CC1BD0B6E300900379 /* DefaultValues.h */,
				DAEFA1CD1BD0B6E300900379 /* DefaultValues.m */,
			);
			name = DammyData;
			sourceTree = "<group>";
		};
		DAEFA1D31BD0B71D00900379 /* SearchPatient */ = {
			isa = PBXGroup;
			children = (
				DAEFA1BA1BD0B4BA00900379 /* SearchPatientViewController.h */,
				DAEFA1BB1BD0B4BA00900379 /* SearchPatientViewController.m */,
				DAEFA1D71BD0D8ED00900379 /* SearchPatientTableViewCell.h */,
				DAEFA1D81BD0D8ED00900379 /* SearchPatientTableViewCell.m */,
			);
			name = SearchPatient;
			sourceTree = "<group>";
		};
		DAEFA1D41BD0B72E00900379 /* AddPatient */ = {
			isa = PBXGroup;
			children = (
				DAEFA1C01BD0B4FA00900379 /* AddPatientViewController.h */,
				DAEFA1C11BD0B4FA00900379 /* AddPatientViewController.m */,
			);
			name = AddPatient;
			sourceTree = "<group>";
		};
		DAEFA1D51BD0B74A00900379 /* EditPatient */ = {
			isa = PBXGroup;
			children = (
				DAEFA1C31BD0B50800900379 /* EditPatientViewController.h */,
				DAEFA1C41BD0B50800900379 /* EditPatientViewController.m */,
			);
			name = EditPatient;
			sourceTree = "<group>";
		};
		DAEFA1D61BD0B79D00900379 /* Patient */ = {
			isa = PBXGroup;
			children = (
				DAEFA1BD1BD0B4EB00900379 /* PatientViewController.h */,
				DAEFA1BE1BD0B4EB00900379 /* PatientViewController.m */,
			);
			name = Patient;
			sourceTree = "<group>";
		};
		DAF82CD91BD4A327006AF1E1 /* Setting */ = {
			isa = PBXGroup;
			children = (
				8678F1AD1BE1DE21006046CF /* SettingView.xib */,
				8678F1AE1BE1DE21006046CF /* SettingView.h */,
				8678F1AF1BE1DE21006046CF /* SettingView.m */,
			);
			name = Setting;
			sourceTree = "<group>";
		};
		DAF82CDD1BD4BA4E006AF1E1 /* ContainerVC */ = {
			isa = PBXGroup;
			children = (
				DAF82CDE1BD4BA74006AF1E1 /* ContainerViewController.h */,
				DAF82CDF1BD4BA74006AF1E1 /* ContainerViewController.m */,
			);
			name = ContainerVC;
			sourceTree = "<group>";
		};
		DAF82CE11BD4C7E9006AF1E1 /* Section */ = {
			isa = PBXGroup;
			children = (
				8678F1B21BE1DE65006046CF /* AddSection.xib */,
				8678F1B31BE1DE65006046CF /* AddSection.h */,
				8678F1B41BE1DE65006046CF /* AddSection.m */,
				8678F1B51BE1DE65006046CF /* AddSectionCell.xib */,
				8678F1B61BE1DE65006046CF /* AddSectionCell.h */,
				8678F1B71BE1DE65006046CF /* AddSectionCell.m */,
				8678F1B81BE1DE65006046CF /* SectionBodyDetails.h */,
				8678F1B91BE1DE65006046CF /* SectionBodyDetails.m */,
				8678F1BA1BE1DE65006046CF /* SectionBodyDetails.xib */,
				8678F1BB1BE1DE65006046CF /* DetailsSection.h */,
				8678F1BC1BE1DE65006046CF /* DetailsSection.m */,
				8678F1BD1BE1DE65006046CF /* DetailsSection.xib */,
			);
			name = Section;
			sourceTree = "<group>";
		};
		DAF82CEE1BD4CE92006AF1E1 /* singleSectionDetail */ = {
			isa = PBXGroup;
			children = (
				DAF82CF71BD4CF0D006AF1E1 /* SectionDetail.xib */,
				DAF82CEF1BD4CECB006AF1E1 /* SectionDetail.h */,
				DAF82CF01BD4CECB006AF1E1 /* SectionDetail.m */,
				DAF82CF51BD4CF01006AF1E1 /* SectionDetailCell.xib */,
				DAF82CF21BD4CEE6006AF1E1 /* SectionDetailCell.h */,
				DAF82CF31BD4CEE6006AF1E1 /* SectionDetailCell.m */,
			);
			name = singleSectionDetail;
			sourceTree = "<group>";
		};
/* End PBXGroup section */

/* Begin PBXNativeTarget section */
		DAEFA18D1BD0B11500900379 /* Garcia */ = {
			isa = PBXNativeTarget;
			buildConfigurationList = DAEFA1B11BD0B11500900379 /* Build configuration list for PBXNativeTarget "Garcia" */;
			buildPhases = (
				DAEFA18A1BD0B11500900379 /* Sources */,
				DAEFA18B1BD0B11500900379 /* Frameworks */,
				DAEFA18C1BD0B11500900379 /* Resources */,
			);
			buildRules = (
			);
			dependencies = (
			);
			name = Garcia;
			productName = Garcia;
			productReference = DAEFA18E1BD0B11500900379 /* Garcia.app */;
			productType = "com.apple.product-type.application";
		};
		DAEFA1A61BD0B11500900379 /* GarciaTests */ = {
			isa = PBXNativeTarget;
			buildConfigurationList = DAEFA1B41BD0B11500900379 /* Build configuration list for PBXNativeTarget "GarciaTests" */;
			buildPhases = (
				DAEFA1A31BD0B11500900379 /* Sources */,
				DAEFA1A41BD0B11500900379 /* Frameworks */,
				DAEFA1A51BD0B11500900379 /* Resources */,
			);
			buildRules = (
			);
			dependencies = (
				DAEFA1A91BD0B11500900379 /* PBXTargetDependency */,
			);
			name = GarciaTests;
			productName = GarciaTests;
			productReference = DAEFA1A71BD0B11500900379 /* GarciaTests.xctest */;
			productType = "com.apple.product-type.bundle.unit-test";
		};
/* End PBXNativeTarget section */

/* Begin PBXProject section */
		DAEFA1861BD0B11500900379 /* Project object */ = {
			isa = PBXProject;
			attributes = {
				LastUpgradeCheck = 0640;
				ORGANIZATIONNAME = manasap;
				TargetAttributes = {
					DAEFA18D1BD0B11500900379 = {
						CreatedOnToolsVersion = 6.4;
					};
					DAEFA1A61BD0B11500900379 = {
						CreatedOnToolsVersion = 6.4;
						TestTargetID = DAEFA18D1BD0B11500900379;
					};
				};
			};
			buildConfigurationList = DAEFA1891BD0B11500900379 /* Build configuration list for PBXProject "Garcia" */;
			compatibilityVersion = "Xcode 3.2";
			developmentRegion = English;
			hasScannedForEncodings = 0;
			knownRegions = (
				en,
				Base,
			);
			mainGroup = DAEFA1851BD0B11500900379;
			productRefGroup = DAEFA18F1BD0B11500900379 /* Products */;
			projectDirPath = "";
			projectRoot = "";
			targets = (
				DAEFA18D1BD0B11500900379 /* Garcia */,
				DAEFA1A61BD0B11500900379 /* GarciaTests */,
			);
		};
/* End PBXProject section */

/* Begin PBXResourcesBuildPhase section */
		DAEFA18C1BD0B11500900379 /* Resources */ = {
			isa = PBXResourcesBuildPhase;
			buildActionMask = 2147483647;
			files = (
				DA4461E61BD771F600F80F5A /* OpenSans-Semibold.ttf in Resources */,
				DAEF6AEF1BD5FA52006868C8 /* OpenSans-Regular.ttf in Resources */,
				DAEC027F1BD5219A0095C6AE /* OpenSans-Bold.ttf in Resources */,
				8678F1C51BE1DE65006046CF /* DetailsSection.xib in Resources */,
				DAEFA19D1BD0B11500900379 /* Main.storyboard in Resources */,
				DAF82CF81BD4CF0D006AF1E1 /* SectionDetail.xib in Resources */,
				8678F1BE1BE1DE65006046CF /* AddSection.xib in Resources */,
				8678F1C31BE1DE65006046CF /* SectionBodyDetails.xib in Resources */,
				8678F1C01BE1DE65006046CF /* AddSectionCell.xib in Resources */,
				DA6C7B881BE0860900D1130A /* AttachmentView.xib in Resources */,
				DAF82CF61BD4CF01006AF1E1 /* SectionDetailCell.xib in Resources */,
				DAEF6AF51BD65C9B006868C8 /* DatePickerView.xib in Resources */,
				DAEFA1A21BD0B11500900379 /* LaunchScreen.xib in Resources */,
				8678F1B01BE1DE21006046CF /* SettingView.xib in Resources */,
				DAEFA19F1BD0B11500900379 /* Images.xcassets in Resources */,
			);
			runOnlyForDeploymentPostprocessing = 0;
		};
		DAEFA1A51BD0B11500900379 /* Resources */ = {
			isa = PBXResourcesBuildPhase;
			buildActionMask = 2147483647;
			files = (
			);
			runOnlyForDeploymentPostprocessing = 0;
		};
/* End PBXResourcesBuildPhase section */

/* Begin PBXSourcesBuildPhase section */
		DAEFA18A1BD0B11500900379 /* Sources */ = {
			isa = PBXSourcesBuildPhase;
			buildActionMask = 2147483647;
			files = (
				DA4461E71BD7720300F80F5A /* OpenSans-Semibold.ttf in Sources */,
				DAEF6AEE1BD5FA37006868C8 /* OpenSans-Regular.ttf in Sources */,
				DA6D1A631BDA356F00D91ED3 /* PlaceholderTextView.m in Sources */,
				DAEC027E1BD51D0C0095C6AE /* OpenSans-Bold.ttf in Sources */,
				DAEFA1971BD0B11500900379 /* AppDelegate.m in Sources */,
				8678F1BF1BE1DE65006046CF /* AddSection.m in Sources */,
				DAEC02711BD513500095C6AE /* customFont.m in Sources */,
				8678F1C41BE1DE65006046CF /* DetailsSection.m in Sources */,
				DAEFA1BF1BD0B4EB00900379 /* PatientViewController.m in Sources */,
				DAEF6AF31BD65C61006868C8 /* DatePicker.m in Sources */,
				DAEFA1C51BD0B50800900379 /* EditPatientViewController.m in Sources */,
				8678F1C11BE1DE65006046CF /* AddSectionCell.m in Sources */,
				8678F1AC1BE1DC54006046CF /* HexColors.m in Sources */,
				DAEFA1CB1BD0B6D600900379 /* Postman.m in Sources */,
				DAEFA1941BD0B11500900379 /* main.m in Sources */,
				DAEFA1B91BD0B49A00900379 /* LoginViewController.m in Sources */,
				DAEFA1C21BD0B4FA00900379 /* AddPatientViewController.m in Sources */,
				DAEFA1D91BD0D8ED00900379 /* SearchPatientTableViewCell.m in Sources */,
				DAE9555D1BD24D1800EDFD8F /* PatientSheetTableViewCell.m in Sources */,
				8678F1B11BE1DE21006046CF /* SettingView.m in Sources */,
				DA6C7B8B1BE0861700D1130A /* AttachmentView.m in Sources */,
				DA6C7B911BE0A11800D1130A /* CollectionViewTableViewCell.m in Sources */,
				DAF82CF41BD4CEE6006AF1E1 /* SectionDetailCell.m in Sources */,
				DAF82CF11BD4CECB006AF1E1 /* SectionDetail.m in Sources */,
				DAE9555A1BD24A7500EDFD8F /* PatientSheetViewController.m in Sources */,
				DA6C7B8E1BE09F9500D1130A /* SittingCollectionViewCell.m in Sources */,
				DAEFA1BC1BD0B4BA00900379 /* SearchPatientViewController.m in Sources */,
				DAEFA1C81BD0B6C900900379 /* Constant.m in Sources */,
				DAEFA1CE1BD0B6E300900379 /* DefaultValues.m in Sources */,
				8678F1C21BE1DE65006046CF /* SectionBodyDetails.m in Sources */,
				DAF82CE01BD4BA74006AF1E1 /* ContainerViewController.m in Sources */,
			);
			runOnlyForDeploymentPostprocessing = 0;
		};
		DAEFA1A31BD0B11500900379 /* Sources */ = {
			isa = PBXSourcesBuildPhase;
			buildActionMask = 2147483647;
			files = (
				DAEFA1AE1BD0B11500900379 /* GarciaTests.m in Sources */,
			);
			runOnlyForDeploymentPostprocessing = 0;
		};
/* End PBXSourcesBuildPhase section */

/* Begin PBXTargetDependency section */
		DAEFA1A91BD0B11500900379 /* PBXTargetDependency */ = {
			isa = PBXTargetDependency;
			target = DAEFA18D1BD0B11500900379 /* Garcia */;
			targetProxy = DAEFA1A81BD0B11500900379 /* PBXContainerItemProxy */;
		};
/* End PBXTargetDependency section */

/* Begin PBXVariantGroup section */
		DAEFA19B1BD0B11500900379 /* Main.storyboard */ = {
			isa = PBXVariantGroup;
			children = (
				DAEFA19C1BD0B11500900379 /* Base */,
			);
			name = Main.storyboard;
			sourceTree = "<group>";
		};
		DAEFA1A01BD0B11500900379 /* LaunchScreen.xib */ = {
			isa = PBXVariantGroup;
			children = (
				DAEFA1A11BD0B11500900379 /* Base */,
			);
			name = LaunchScreen.xib;
			sourceTree = "<group>";
		};
/* End PBXVariantGroup section */

/* Begin XCBuildConfiguration section */
		DAEFA1AF1BD0B11500900379 /* Debug */ = {
			isa = XCBuildConfiguration;
			buildSettings = {
				ALWAYS_SEARCH_USER_PATHS = NO;
				CLANG_CXX_LANGUAGE_STANDARD = "gnu++0x";
				CLANG_CXX_LIBRARY = "libc++";
				CLANG_ENABLE_MODULES = YES;
				CLANG_ENABLE_OBJC_ARC = YES;
				CLANG_WARN_BOOL_CONVERSION = YES;
				CLANG_WARN_CONSTANT_CONVERSION = YES;
				CLANG_WARN_DIRECT_OBJC_ISA_USAGE = YES_ERROR;
				CLANG_WARN_EMPTY_BODY = YES;
				CLANG_WARN_ENUM_CONVERSION = YES;
				CLANG_WARN_INT_CONVERSION = YES;
				CLANG_WARN_OBJC_ROOT_CLASS = YES_ERROR;
				CLANG_WARN_UNREACHABLE_CODE = YES;
				CLANG_WARN__DUPLICATE_METHOD_MATCH = YES;
				"CODE_SIGN_IDENTITY[sdk=iphoneos*]" = "iPhone Developer";
				COPY_PHASE_STRIP = NO;
				DEBUG_INFORMATION_FORMAT = "dwarf-with-dsym";
				ENABLE_STRICT_OBJC_MSGSEND = YES;
				GCC_C_LANGUAGE_STANDARD = gnu99;
				GCC_DYNAMIC_NO_PIC = NO;
				GCC_NO_COMMON_BLOCKS = YES;
				GCC_OPTIMIZATION_LEVEL = 0;
				GCC_PREPROCESSOR_DEFINITIONS = (
					"DEBUG=1",
					"$(inherited)",
				);
				GCC_SYMBOLS_PRIVATE_EXTERN = NO;
				GCC_WARN_64_TO_32_BIT_CONVERSION = YES;
				GCC_WARN_ABOUT_RETURN_TYPE = YES_ERROR;
				GCC_WARN_UNDECLARED_SELECTOR = YES;
				GCC_WARN_UNINITIALIZED_AUTOS = YES_AGGRESSIVE;
				GCC_WARN_UNUSED_FUNCTION = YES;
				GCC_WARN_UNUSED_VARIABLE = YES;
				IPHONEOS_DEPLOYMENT_TARGET = 8.4;
				MTL_ENABLE_DEBUG_INFO = YES;
				ONLY_ACTIVE_ARCH = YES;
				SDKROOT = iphoneos;
				TARGETED_DEVICE_FAMILY = "1,2";
			};
			name = Debug;
		};
		DAEFA1B01BD0B11500900379 /* Release */ = {
			isa = XCBuildConfiguration;
			buildSettings = {
				ALWAYS_SEARCH_USER_PATHS = NO;
				CLANG_CXX_LANGUAGE_STANDARD = "gnu++0x";
				CLANG_CXX_LIBRARY = "libc++";
				CLANG_ENABLE_MODULES = YES;
				CLANG_ENABLE_OBJC_ARC = YES;
				CLANG_WARN_BOOL_CONVERSION = YES;
				CLANG_WARN_CONSTANT_CONVERSION = YES;
				CLANG_WARN_DIRECT_OBJC_ISA_USAGE = YES_ERROR;
				CLANG_WARN_EMPTY_BODY = YES;
				CLANG_WARN_ENUM_CONVERSION = YES;
				CLANG_WARN_INT_CONVERSION = YES;
				CLANG_WARN_OBJC_ROOT_CLASS = YES_ERROR;
				CLANG_WARN_UNREACHABLE_CODE = YES;
				CLANG_WARN__DUPLICATE_METHOD_MATCH = YES;
				"CODE_SIGN_IDENTITY[sdk=iphoneos*]" = "iPhone Developer";
				COPY_PHASE_STRIP = NO;
				DEBUG_INFORMATION_FORMAT = "dwarf-with-dsym";
				ENABLE_NS_ASSERTIONS = NO;
				ENABLE_STRICT_OBJC_MSGSEND = YES;
				GCC_C_LANGUAGE_STANDARD = gnu99;
				GCC_NO_COMMON_BLOCKS = YES;
				GCC_WARN_64_TO_32_BIT_CONVERSION = YES;
				GCC_WARN_ABOUT_RETURN_TYPE = YES_ERROR;
				GCC_WARN_UNDECLARED_SELECTOR = YES;
				GCC_WARN_UNINITIALIZED_AUTOS = YES_AGGRESSIVE;
				GCC_WARN_UNUSED_FUNCTION = YES;
				GCC_WARN_UNUSED_VARIABLE = YES;
				IPHONEOS_DEPLOYMENT_TARGET = 8.4;
				MTL_ENABLE_DEBUG_INFO = NO;
				SDKROOT = iphoneos;
				TARGETED_DEVICE_FAMILY = "1,2";
				VALIDATE_PRODUCT = YES;
			};
			name = Release;
		};
		DAEFA1B21BD0B11500900379 /* Debug */ = {
			isa = XCBuildConfiguration;
			buildSettings = {
				ASSETCATALOG_COMPILER_APPICON_NAME = AppIcon;
				INFOPLIST_FILE = Garcia/Info.plist;
				IPHONEOS_DEPLOYMENT_TARGET = 8.0;
				LD_RUNPATH_SEARCH_PATHS = "$(inherited) @executable_path/Frameworks";
				PRODUCT_NAME = "$(TARGET_NAME)";
			};
			name = Debug;
		};
		DAEFA1B31BD0B11500900379 /* Release */ = {
			isa = XCBuildConfiguration;
			buildSettings = {
				ASSETCATALOG_COMPILER_APPICON_NAME = AppIcon;
				INFOPLIST_FILE = Garcia/Info.plist;
				IPHONEOS_DEPLOYMENT_TARGET = 8.0;
				LD_RUNPATH_SEARCH_PATHS = "$(inherited) @executable_path/Frameworks";
				PRODUCT_NAME = "$(TARGET_NAME)";
			};
			name = Release;
		};
		DAEFA1B51BD0B11500900379 /* Debug */ = {
			isa = XCBuildConfiguration;
			buildSettings = {
				BUNDLE_LOADER = "$(TEST_HOST)";
				FRAMEWORK_SEARCH_PATHS = (
					"$(SDKROOT)/Developer/Library/Frameworks",
					"$(inherited)",
				);
				GCC_PREPROCESSOR_DEFINITIONS = (
					"DEBUG=1",
					"$(inherited)",
				);
				INFOPLIST_FILE = GarciaTests/Info.plist;
				LD_RUNPATH_SEARCH_PATHS = "$(inherited) @executable_path/Frameworks @loader_path/Frameworks";
				PRODUCT_NAME = "$(TARGET_NAME)";
				TEST_HOST = "$(BUILT_PRODUCTS_DIR)/Garcia.app/Garcia";
			};
			name = Debug;
		};
		DAEFA1B61BD0B11500900379 /* Release */ = {
			isa = XCBuildConfiguration;
			buildSettings = {
				BUNDLE_LOADER = "$(TEST_HOST)";
				FRAMEWORK_SEARCH_PATHS = (
					"$(SDKROOT)/Developer/Library/Frameworks",
					"$(inherited)",
				);
				INFOPLIST_FILE = GarciaTests/Info.plist;
				LD_RUNPATH_SEARCH_PATHS = "$(inherited) @executable_path/Frameworks @loader_path/Frameworks";
				PRODUCT_NAME = "$(TARGET_NAME)";
				TEST_HOST = "$(BUILT_PRODUCTS_DIR)/Garcia.app/Garcia";
			};
			name = Release;
		};
/* End XCBuildConfiguration section */

/* Begin XCConfigurationList section */
		DAEFA1891BD0B11500900379 /* Build configuration list for PBXProject "Garcia" */ = {
			isa = XCConfigurationList;
			buildConfigurations = (
				DAEFA1AF1BD0B11500900379 /* Debug */,
				DAEFA1B01BD0B11500900379 /* Release */,
			);
			defaultConfigurationIsVisible = 0;
			defaultConfigurationName = Release;
		};
		DAEFA1B11BD0B11500900379 /* Build configuration list for PBXNativeTarget "Garcia" */ = {
			isa = XCConfigurationList;
			buildConfigurations = (
				DAEFA1B21BD0B11500900379 /* Debug */,
				DAEFA1B31BD0B11500900379 /* Release */,
			);
			defaultConfigurationIsVisible = 0;
			defaultConfigurationName = Release;
		};
		DAEFA1B41BD0B11500900379 /* Build configuration list for PBXNativeTarget "GarciaTests" */ = {
			isa = XCConfigurationList;
			buildConfigurations = (
				DAEFA1B51BD0B11500900379 /* Debug */,
				DAEFA1B61BD0B11500900379 /* Release */,
			);
			defaultConfigurationIsVisible = 0;
			defaultConfigurationName = Release;
		};
/* End XCConfigurationList section */
	};
	rootObject = DAEFA1861BD0B11500900379 /* Project object */;
}
